// !$*UTF8*$!
{
	archiveVersion = 1;
	classes = {
	};
	objectVersion = 46;
	objects = {

/* Begin PBXBuildFile section */
		2DDF5D5B17EE28650032132B /* Foundation.framework in Frameworks */ = {isa = PBXBuildFile; fileRef = 2DDF5D5A17EE28650032132B /* Foundation.framework */; };
		2DDF5D5D17EE28650032132B /* CoreGraphics.framework in Frameworks */ = {isa = PBXBuildFile; fileRef = 2DDF5D5C17EE28650032132B /* CoreGraphics.framework */; };
		2DDF5D5F17EE28650032132B /* UIKit.framework in Frameworks */ = {isa = PBXBuildFile; fileRef = 2DDF5D5E17EE28650032132B /* UIKit.framework */; };
		2DDF5D6517EE28650032132B /* InfoPlist.strings in Resources */ = {isa = PBXBuildFile; fileRef = 2DDF5D6317EE28650032132B /* InfoPlist.strings */; };
		2DDF5D6717EE28650032132B /* main.m in Sources */ = {isa = PBXBuildFile; fileRef = 2DDF5D6617EE28650032132B /* main.m */; };
		2DDF5D6B17EE28650032132B /* appTestMultipleDevelopersAppDelegate.m in Sources */ = {isa = PBXBuildFile; fileRef = 2DDF5D6A17EE28650032132B /* appTestMultipleDevelopersAppDelegate.m */; };
		2DDF5D6E17EE28650032132B /* Main.storyboard in Resources */ = {isa = PBXBuildFile; fileRef = 2DDF5D6C17EE28650032132B /* Main.storyboard */; };
		2DDF5D7117EE28650032132B /* appTestMultipleDevelopersViewController.m in Sources */ = {isa = PBXBuildFile; fileRef = 2DDF5D7017EE28650032132B /* appTestMultipleDevelopersViewController.m */; };
		2DDF5D7317EE28650032132B /* Images.xcassets in Resources */ = {isa = PBXBuildFile; fileRef = 2DDF5D7217EE28650032132B /* Images.xcassets */; };
		2DDF5D7A17EE28650032132B /* XCTest.framework in Frameworks */ = {isa = PBXBuildFile; fileRef = 2DDF5D7917EE28650032132B /* XCTest.framework */; };
		2DDF5D7B17EE28650032132B /* Foundation.framework in Frameworks */ = {isa = PBXBuildFile; fileRef = 2DDF5D5A17EE28650032132B /* Foundation.framework */; };
		2DDF5D7C17EE28650032132B /* UIKit.framework in Frameworks */ = {isa = PBXBuildFile; fileRef = 2DDF5D5E17EE28650032132B /* UIKit.framework */; };
		2DDF5D8417EE28650032132B /* InfoPlist.strings in Resources */ = {isa = PBXBuildFile; fileRef = 2DDF5D8217EE28650032132B /* InfoPlist.strings */; };
		2DDF5D8617EE28650032132B /* appTestMultipleDevelopersTests.m in Sources */ = {isa = PBXBuildFile; fileRef = 2DDF5D8517EE28650032132B /* appTestMultipleDevelopersTests.m */; };
/* End PBXBuildFile section */

/* Begin PBXContainerItemProxy section */
		2DDF5D7D17EE28650032132B /* PBXContainerItemProxy */ = {
			isa = PBXContainerItemProxy;
			containerPortal = 2DDF5D4F17EE28650032132B /* Project object */;
			proxyType = 1;
			remoteGlobalIDString = 2DDF5D5617EE28650032132B;
			remoteInfo = appTestMultipleDevelopers;
		};
/* End PBXContainerItemProxy section */

/* Begin PBXFileReference section */
		2DDF5D5717EE28650032132B /* appTestMultipleDevelopers.app */ = {isa = PBXFileReference; explicitFileType = wrapper.application; includeInIndex = 0; path = appTestMultipleDevelopers.app; sourceTree = BUILT_PRODUCTS_DIR; };
		2DDF5D5A17EE28650032132B /* Foundation.framework */ = {isa = PBXFileReference; lastKnownFileType = wrapper.framework; name = Foundation.framework; path = System/Library/Frameworks/Foundation.framework; sourceTree = SDKROOT; };
		2DDF5D5C17EE28650032132B /* CoreGraphics.framework */ = {isa = PBXFileReference; lastKnownFileType = wrapper.framework; name = CoreGraphics.framework; path = System/Library/Frameworks/CoreGraphics.framework; sourceTree = SDKROOT; };
		2DDF5D5E17EE28650032132B /* UIKit.framework */ = {isa = PBXFileReference; lastKnownFileType = wrapper.framework; name = UIKit.framework; path = System/Library/Frameworks/UIKit.framework; sourceTree = SDKROOT; };
		2DDF5D6217EE28650032132B /* appTestMultipleDevelopers-Info.plist */ = {isa = PBXFileReference; lastKnownFileType = text.plist.xml; path = "appTestMultipleDevelopers-Info.plist"; sourceTree = "<group>"; };
		2DDF5D6417EE28650032132B /* en */ = {isa = PBXFileReference; lastKnownFileType = text.plist.strings; name = en; path = en.lproj/InfoPlist.strings; sourceTree = "<group>"; };
		2DDF5D6617EE28650032132B /* main.m */ = {isa = PBXFileReference; lastKnownFileType = sourcecode.c.objc; path = main.m; sourceTree = "<group>"; };
		2DDF5D6817EE28650032132B /* appTestMultipleDevelopers-Prefix.pch */ = {isa = PBXFileReference; lastKnownFileType = sourcecode.c.h; path = "appTestMultipleDevelopers-Prefix.pch"; sourceTree = "<group>"; };
		2DDF5D6917EE28650032132B /* appTestMultipleDevelopersAppDelegate.h */ = {isa = PBXFileReference; lastKnownFileType = sourcecode.c.h; path = appTestMultipleDevelopersAppDelegate.h; sourceTree = "<group>"; };
		2DDF5D6A17EE28650032132B /* appTestMultipleDevelopersAppDelegate.m */ = {isa = PBXFileReference; lastKnownFileType = sourcecode.c.objc; path = appTestMultipleDevelopersAppDelegate.m; sourceTree = "<group>"; };
		2DDF5D6D17EE28650032132B /* Base */ = {isa = PBXFileReference; lastKnownFileType = file.storyboard; name = Base; path = Base.lproj/Main.storyboard; sourceTree = "<group>"; };
		2DDF5D6F17EE28650032132B /* appTestMultipleDevelopersViewController.h */ = {isa = PBXFileReference; lastKnownFileType = sourcecode.c.h; path = appTestMultipleDevelopersViewController.h; sourceTree = "<group>"; };
		2DDF5D7017EE28650032132B /* appTestMultipleDevelopersViewController.m */ = {isa = PBXFileReference; lastKnownFileType = sourcecode.c.objc; path = appTestMultipleDevelopersViewController.m; sourceTree = "<group>"; };
		2DDF5D7217EE28650032132B /* Images.xcassets */ = {isa = PBXFileReference; lastKnownFileType = folder.assetcatalog; path = Images.xcassets; sourceTree = "<group>"; };
		2DDF5D7817EE28650032132B /* appTestMultipleDevelopersTests.xctest */ = {isa = PBXFileReference; explicitFileType = wrapper.cfbundle; includeInIndex = 0; path = appTestMultipleDevelopersTests.xctest; sourceTree = BUILT_PRODUCTS_DIR; };
		2DDF5D7917EE28650032132B /* XCTest.framework */ = {isa = PBXFileReference; lastKnownFileType = wrapper.framework; name = XCTest.framework; path = Library/Frameworks/XCTest.framework; sourceTree = DEVELOPER_DIR; };
		2DDF5D8117EE28650032132B /* appTestMultipleDevelopersTests-Info.plist */ = {isa = PBXFileReference; lastKnownFileType = text.plist.xml; path = "appTestMultipleDevelopersTests-Info.plist"; sourceTree = "<group>"; };
		2DDF5D8317EE28650032132B /* en */ = {isa = PBXFileReference; lastKnownFileType = text.plist.strings; name = en; path = en.lproj/InfoPlist.strings; sourceTree = "<group>"; };
		2DDF5D8517EE28650032132B /* appTestMultipleDevelopersTests.m */ = {isa = PBXFileReference; lastKnownFileType = sourcecode.c.objc; path = appTestMultipleDevelopersTests.m; sourceTree = "<group>"; };
/* End PBXFileReference section */

/* Begin PBXFrameworksBuildPhase section */
		2DDF5D5417EE28650032132B /* Frameworks */ = {
			isa = PBXFrameworksBuildPhase;
			buildActionMask = 2147483647;
			files = (
				2DDF5D5D17EE28650032132B /* CoreGraphics.framework in Frameworks */,
				2DDF5D5F17EE28650032132B /* UIKit.framework in Frameworks */,
				2DDF5D5B17EE28650032132B /* Foundation.framework in Frameworks */,
			);
			runOnlyForDeploymentPostprocessing = 0;
		};
		2DDF5D7517EE28650032132B /* Frameworks */ = {
			isa = PBXFrameworksBuildPhase;
			buildActionMask = 2147483647;
			files = (
				2DDF5D7A17EE28650032132B /* XCTest.framework in Frameworks */,
				2DDF5D7C17EE28650032132B /* UIKit.framework in Frameworks */,
				2DDF5D7B17EE28650032132B /* Foundation.framework in Frameworks */,
			);
			runOnlyForDeploymentPostprocessing = 0;
		};
/* End PBXFrameworksBuildPhase section */

/* Begin PBXGroup section */
		2DDF5D4E17EE28650032132B = {
			isa = PBXGroup;
			children = (
				2DDF5D6017EE28650032132B /* appTestMultipleDevelopers */,
				2DDF5D7F17EE28650032132B /* appTestMultipleDevelopersTests */,
				2DDF5D5917EE28650032132B /* Frameworks */,
				2DDF5D5817EE28650032132B /* Products */,
			);
			sourceTree = "<group>";
		};
		2DDF5D5817EE28650032132B /* Products */ = {
			isa = PBXGroup;
			children = (
				2DDF5D5717EE28650032132B /* appTestMultipleDevelopers.app */,
				2DDF5D7817EE28650032132B /* appTestMultipleDevelopersTests.xctest */,
			);
			name = Products;
			sourceTree = "<group>";
		};
		2DDF5D5917EE28650032132B /* Frameworks */ = {
			isa = PBXGroup;
			children = (
				2DDF5D5A17EE28650032132B /* Foundation.framework */,
				2DDF5D5C17EE28650032132B /* CoreGraphics.framework */,
				2DDF5D5E17EE28650032132B /* UIKit.framework */,
				2DDF5D7917EE28650032132B /* XCTest.framework */,
			);
			name = Frameworks;
			sourceTree = "<group>";
		};
		2DDF5D6017EE28650032132B /* appTestMultipleDevelopers */ = {
			isa = PBXGroup;
			children = (
				2DDF5D6917EE28650032132B /* appTestMultipleDevelopersAppDelegate.h */,
				2DDF5D6A17EE28650032132B /* appTestMultipleDevelopersAppDelegate.m */,
				2DDF5D6C17EE28650032132B /* Main.storyboard */,
				2DDF5D6F17EE28650032132B /* appTestMultipleDevelopersViewController.h */,
				2DDF5D7017EE28650032132B /* appTestMultipleDevelopersViewController.m */,
				2DDF5D7217EE28650032132B /* Images.xcassets */,
				2DDF5D6117EE28650032132B /* Supporting Files */,
			);
			path = appTestMultipleDevelopers;
			sourceTree = "<group>";
		};
		2DDF5D6117EE28650032132B /* Supporting Files */ = {
			isa = PBXGroup;
			children = (
				2DDF5D6217EE28650032132B /* appTestMultipleDevelopers-Info.plist */,
				2DDF5D6317EE28650032132B /* InfoPlist.strings */,
				2DDF5D6617EE28650032132B /* main.m */,
				2DDF5D6817EE28650032132B /* appTestMultipleDevelopers-Prefix.pch */,
			);
			name = "Supporting Files";
			sourceTree = "<group>";
		};
		2DDF5D7F17EE28650032132B /* appTestMultipleDevelopersTests */ = {
			isa = PBXGroup;
			children = (
				2DDF5D8517EE28650032132B /* appTestMultipleDevelopersTests.m */,
				2DDF5D8017EE28650032132B /* Supporting Files */,
			);
			path = appTestMultipleDevelopersTests;
			sourceTree = "<group>";
		};
		2DDF5D8017EE28650032132B /* Supporting Files */ = {
			isa = PBXGroup;
			children = (
				2DDF5D8117EE28650032132B /* appTestMultipleDevelopersTests-Info.plist */,
				2DDF5D8217EE28650032132B /* InfoPlist.strings */,
			);
			name = "Supporting Files";
			sourceTree = "<group>";
		};
/* End PBXGroup section */

/* Begin PBXNativeTarget section */
		2DDF5D5617EE28650032132B /* appTestMultipleDevelopers */ = {
			isa = PBXNativeTarget;
			buildConfigurationList = 2DDF5D8917EE28650032132B /* Build configuration list for PBXNativeTarget "appTestMultipleDevelopers" */;
			buildPhases = (
				2DDF5D5317EE28650032132B /* Sources */,
				2DDF5D5417EE28650032132B /* Frameworks */,
				2DDF5D5517EE28650032132B /* Resources */,
			);
			buildRules = (
			);
			dependencies = (
			);
			name = appTestMultipleDevelopers;
			productName = appTestMultipleDevelopers;
			productReference = 2DDF5D5717EE28650032132B /* appTestMultipleDevelopers.app */;
			productType = "com.apple.product-type.application";
		};
		2DDF5D7717EE28650032132B /* appTestMultipleDevelopersTests */ = {
			isa = PBXNativeTarget;
			buildConfigurationList = 2DDF5D8C17EE28650032132B /* Build configuration list for PBXNativeTarget "appTestMultipleDevelopersTests" */;
			buildPhases = (
				2DDF5D7417EE28650032132B /* Sources */,
				2DDF5D7517EE28650032132B /* Frameworks */,
				2DDF5D7617EE28650032132B /* Resources */,
			);
			buildRules = (
			);
			dependencies = (
				2DDF5D7E17EE28650032132B /* PBXTargetDependency */,
			);
			name = appTestMultipleDevelopersTests;
			productName = appTestMultipleDevelopersTests;
			productReference = 2DDF5D7817EE28650032132B /* appTestMultipleDevelopersTests.xctest */;
			productType = "com.apple.product-type.bundle.unit-test";
		};
/* End PBXNativeTarget section */

/* Begin PBXProject section */
		2DDF5D4F17EE28650032132B /* Project object */ = {
			isa = PBXProject;
			attributes = {
				CLASSPREFIX = appTestMultipleDevelopers;
				LastUpgradeCheck = 0500;
				ORGANIZATIONNAME = "LION Mobile";
				TargetAttributes = {
					2DDF5D7717EE28650032132B = {
						TestTargetID = 2DDF5D5617EE28650032132B;
					};
				};
			};
			buildConfigurationList = 2DDF5D5217EE28650032132B /* Build configuration list for PBXProject "appTestMultipleDevelopers" */;
			compatibilityVersion = "Xcode 3.2";
			developmentRegion = English;
			hasScannedForEncodings = 0;
			knownRegions = (
				en,
				Base,
			);
			mainGroup = 2DDF5D4E17EE28650032132B;
			productRefGroup = 2DDF5D5817EE28650032132B /* Products */;
			projectDirPath = "";
			projectRoot = "";
			targets = (
				2DDF5D5617EE28650032132B /* appTestMultipleDevelopers */,
				2DDF5D7717EE28650032132B /* appTestMultipleDevelopersTests */,
			);
		};
/* End PBXProject section */

/* Begin PBXResourcesBuildPhase section */
		2DDF5D5517EE28650032132B /* Resources */ = {
			isa = PBXResourcesBuildPhase;
			buildActionMask = 2147483647;
			files = (
				2DDF5D7317EE28650032132B /* Images.xcassets in Resources */,
				2DDF5D6517EE28650032132B /* InfoPlist.strings in Resources */,
				2DDF5D6E17EE28650032132B /* Main.storyboard in Resources */,
			);
			runOnlyForDeploymentPostprocessing = 0;
		};
		2DDF5D7617EE28650032132B /* Resources */ = {
			isa = PBXResourcesBuildPhase;
			buildActionMask = 2147483647;
			files = (
				2DDF5D8417EE28650032132B /* InfoPlist.strings in Resources */,
			);
			runOnlyForDeploymentPostprocessing = 0;
		};
/* End PBXResourcesBuildPhase section */

/* Begin PBXSourcesBuildPhase section */
		2DDF5D5317EE28650032132B /* Sources */ = {
			isa = PBXSourcesBuildPhase;
			buildActionMask = 2147483647;
			files = (
				2DDF5D6717EE28650032132B /* main.m in Sources */,
				2DDF5D7117EE28650032132B /* appTestMultipleDevelopersViewController.m in Sources */,
				2DDF5D6B17EE28650032132B /* appTestMultipleDevelopersAppDelegate.m in Sources */,
			);
			runOnlyForDeploymentPostprocessing = 0;
		};
		2DDF5D7417EE28650032132B /* Sources */ = {
			isa = PBXSourcesBuildPhase;
			buildActionMask = 2147483647;
			files = (
				2DDF5D8617EE28650032132B /* appTestMultipleDevelopersTests.m in Sources */,
			);
			runOnlyForDeploymentPostprocessing = 0;
		};
/* End PBXSourcesBuildPhase section */

/* Begin PBXTargetDependency section */
		2DDF5D7E17EE28650032132B /* PBXTargetDependency */ = {
			isa = PBXTargetDependency;
			target = 2DDF5D5617EE28650032132B /* appTestMultipleDevelopers */;
			targetProxy = 2DDF5D7D17EE28650032132B /* PBXContainerItemProxy */;
		};
/* End PBXTargetDependency section */

/* Begin PBXVariantGroup section */
		2DDF5D6317EE28650032132B /* InfoPlist.strings */ = {
			isa = PBXVariantGroup;
			children = (
				2DDF5D6417EE28650032132B /* en */,
			);
			name = InfoPlist.strings;
			sourceTree = "<group>";
		};
		2DDF5D6C17EE28650032132B /* Main.storyboard */ = {
			isa = PBXVariantGroup;
			children = (
				2DDF5D6D17EE28650032132B /* Base */,
			);
			name = Main.storyboard;
			sourceTree = "<group>";
		};
		2DDF5D8217EE28650032132B /* InfoPlist.strings */ = {
			isa = PBXVariantGroup;
			children = (
				2DDF5D8317EE28650032132B /* en */,
			);
			name = InfoPlist.strings;
			sourceTree = "<group>";
		};
/* End PBXVariantGroup section */

/* Begin XCBuildConfiguration section */
		2DDF5D8717EE28650032132B /* Debug */ = {
			isa = XCBuildConfiguration;
			buildSettings = {
				ALWAYS_SEARCH_USER_PATHS = NO;
				ARCHS = "$(ARCHS_STANDARD_INCLUDING_64_BIT)";
				CLANG_CXX_LANGUAGE_STANDARD = "gnu++0x";
				CLANG_CXX_LIBRARY = "libc++";
				CLANG_ENABLE_MODULES = YES;
				CLANG_ENABLE_OBJC_ARC = YES;
				CLANG_WARN_BOOL_CONVERSION = YES;
				CLANG_WARN_CONSTANT_CONVERSION = YES;
				CLANG_WARN_DIRECT_OBJC_ISA_USAGE = YES_ERROR;
				CLANG_WARN_EMPTY_BODY = YES;
				CLANG_WARN_ENUM_CONVERSION = YES;
				CLANG_WARN_INT_CONVERSION = YES;
				CLANG_WARN_OBJC_ROOT_CLASS = YES_ERROR;
				CLANG_WARN__DUPLICATE_METHOD_MATCH = YES;
				"CODE_SIGN_IDENTITY[sdk=iphoneos*]" = "iPhone Developer";
				COPY_PHASE_STRIP = NO;
				GCC_C_LANGUAGE_STANDARD = gnu99;
				GCC_DYNAMIC_NO_PIC = NO;
				GCC_OPTIMIZATION_LEVEL = 0;
				GCC_PREPROCESSOR_DEFINITIONS = (
					"DEBUG=1",
					"$(inherited)",
				);
				GCC_SYMBOLS_PRIVATE_EXTERN = NO;
				GCC_WARN_64_TO_32_BIT_CONVERSION = YES;
				GCC_WARN_ABOUT_RETURN_TYPE = YES_ERROR;
				GCC_WARN_UNDECLARED_SELECTOR = YES;
				GCC_WARN_UNINITIALIZED_AUTOS = YES;
				GCC_WARN_UNUSED_FUNCTION = YES;
				GCC_WARN_UNUSED_VARIABLE = YES;
				IPHONEOS_DEPLOYMENT_TARGET = 7.0;
				ONLY_ACTIVE_ARCH = YES;
				SDKROOT = iphoneos;
			};
			name = Debug;
		};
		2DDF5D8817EE28650032132B /* Release */ = {
			isa = XCBuildConfiguration;
			buildSettings = {
				ALWAYS_SEARCH_USER_PATHS = NO;
				ARCHS = "$(ARCHS_STANDARD_INCLUDING_64_BIT)";
				CLANG_CXX_LANGUAGE_STANDARD = "gnu++0x";
				CLANG_CXX_LIBRARY = "libc++";
				CLANG_ENABLE_MODULES = YES;
				CLANG_ENABLE_OBJC_ARC = YES;
				CLANG_WARN_BOOL_CONVERSION = YES;
				CLANG_WARN_CONSTANT_CONVERSION = YES;
				CLANG_WARN_DIRECT_OBJC_ISA_USAGE = YES_ERROR;
				CLANG_WARN_EMPTY_BODY = YES;
				CLANG_WARN_ENUM_CONVERSION = YES;
				CLANG_WARN_INT_CONVERSION = YES;
				CLANG_WARN_OBJC_ROOT_CLASS = YES_ERROR;
				CLANG_WARN__DUPLICATE_METHOD_MATCH = YES;
				"CODE_SIGN_IDENTITY[sdk=iphoneos*]" = "iPhone Developer";
				COPY_PHASE_STRIP = YES;
				ENABLE_NS_ASSERTIONS = NO;
				GCC_C_LANGUAGE_STANDARD = gnu99;
				GCC_WARN_64_TO_32_BIT_CONVERSION = YES;
				GCC_WARN_ABOUT_RETURN_TYPE = YES_ERROR;
				GCC_WARN_UNDECLARED_SELECTOR = YES;
				GCC_WARN_UNINITIALIZED_AUTOS = YES;
				GCC_WARN_UNUSED_FUNCTION = YES;
				GCC_WARN_UNUSED_VARIABLE = YES;
				IPHONEOS_DEPLOYMENT_TARGET = 7.0;
				SDKROOT = iphoneos;
				VALIDATE_PRODUCT = YES;
			};
			name = Release;
		};
		2DDF5D8A17EE28650032132B /* Debug */ = {
			isa = XCBuildConfiguration;
			buildSettings = {
				ASSETCATALOG_COMPILER_APPICON_NAME = AppIcon;
				ASSETCATALOG_COMPILER_LAUNCHIMAGE_NAME = LaunchImage;
				GCC_PRECOMPILE_PREFIX_HEADER = YES;
				GCC_PREFIX_HEADER = "appTestMultipleDevelopers/appTestMultipleDevelopers-Prefix.pch";
				INFOPLIST_FILE = "appTestMultipleDevelopers/appTestMultipleDevelopers-Info.plist";
				PRODUCT_NAME = "$(TARGET_NAME)";
				WRAPPER_EXTENSION = app;
			};
			name = Debug;
		};
		2DDF5D8B17EE28650032132B /* Release */ = {
			isa = XCBuildConfiguration;
			buildSettings = {
				ASSETCATALOG_COMPILER_APPICON_NAME = AppIcon;
				ASSETCATALOG_COMPILER_LAUNCHIMAGE_NAME = LaunchImage;
				GCC_PRECOMPILE_PREFIX_HEADER = YES;
				GCC_PREFIX_HEADER = "appTestMultipleDevelopers/appTestMultipleDevelopers-Prefix.pch";
				INFOPLIST_FILE = "appTestMultipleDevelopers/appTestMultipleDevelopers-Info.plist";
				PRODUCT_NAME = "$(TARGET_NAME)";
				WRAPPER_EXTENSION = app;
			};
			name = Release;
		};
		2DDF5D8D17EE28650032132B /* Debug */ = {
			isa = XCBuildConfiguration;
			buildSettings = {
				ARCHS = "$(ARCHS_STANDARD_INCLUDING_64_BIT)";
				BUNDLE_LOADER = "$(BUILT_PRODUCTS_DIR)/appTestMultipleDevelopers.app/appTestMultipleDevelopers";
				FRAMEWORK_SEARCH_PATHS = (
					"$(SDKROOT)/Developer/Library/Frameworks",
					"$(inherited)",
					"$(DEVELOPER_FRAMEWORKS_DIR)",
				);
				GCC_PRECOMPILE_PREFIX_HEADER = YES;
				GCC_PREFIX_HEADER = "appTestMultipleDevelopers/appTestMultipleDevelopers-Prefix.pch";
				GCC_PREPROCESSOR_DEFINITIONS = (
					"DEBUG=1",
					"$(inherited)",
				);
				INFOPLIST_FILE = "appTestMultipleDevelopersTests/appTestMultipleDevelopersTests-Info.plist";
				PRODUCT_NAME = "$(TARGET_NAME)";
				TEST_HOST = "$(BUNDLE_LOADER)";
				WRAPPER_EXTENSION = xctest;
			};
			name = Debug;
		};
		2DDF5D8E17EE28650032132B /* Release */ = {
			isa = XCBuildConfiguration;
			buildSettings = {
				ARCHS = "$(ARCHS_STANDARD_INCLUDING_64_BIT)";
				BUNDLE_LOADER = "$(BUILT_PRODUCTS_DIR)/appTestMultipleDevelopers.app/appTestMultipleDevelopers";
				FRAMEWORK_SEARCH_PATHS = (
					"$(SDKROOT)/Developer/Library/Frameworks",
					"$(inherited)",
					"$(DEVELOPER_FRAMEWORKS_DIR)",
				);
				GCC_PRECOMPILE_PREFIX_HEADER = YES;
				GCC_PREFIX_HEADER = "appTestMultipleDevelopers/appTestMultipleDevelopers-Prefix.pch";
				INFOPLIST_FILE = "appTestMultipleDevelopersTests/appTestMultipleDevelopersTests-Info.plist";
				PRODUCT_NAME = "$(TARGET_NAME)";
				TEST_HOST = "$(BUNDLE_LOADER)";
				WRAPPER_EXTENSION = xctest;
			};
			name = Release;
		};
/* End XCBuildConfiguration section */

/* Begin XCConfigurationList section */
		2DDF5D5217EE28650032132B /* Build configuration list for PBXProject "appTestMultipleDevelopers" */ = {
			isa = XCConfigurationList;
			buildConfigurations = (
				2DDF5D8717EE28650032132B /* Debug */,
				2DDF5D8817EE28650032132B /* Release */,
			);
			defaultConfigurationIsVisible = 0;
			defaultConfigurationName = Release;
		};
		2DDF5D8917EE28650032132B /* Build configuration list for PBXNativeTarget "appTestMultipleDevelopers" */ = {
			isa = XCConfigurationList;
			buildConfigurations = (
				2DDF5D8A17EE28650032132B /* Debug */,
				2DDF5D8B17EE28650032132B /* Release */,
			);
			defaultConfigurationIsVisible = 0;
		};
		2DDF5D8C17EE28650032132B /* Build configuration list for PBXNativeTarget "appTestMultipleDevelopersTests" */ = {
			isa = XCConfigurationList;
			buildConfigurations = (
				2DDF5D8D17EE28650032132B /* Debug */,
				2DDF5D8E17EE28650032132B /* Release */,
			);
			defaultConfigurationIsVisible = 0;
		};
/* End XCConfigurationList section */
	};
	rootObject = 2DDF5D4F17EE28650032132B /* Project object */;
}
